
Microsoft Visual Studio Solution File, Format Version 12.00
# Visual Studio Version 16
VisualStudioVersion = 16.0.30621.155
MinimumVisualStudioVersion = 10.0.40219.1
Project("{FAE04EC0-301F-11D3-BF4B-00C04F79EFBC}") = "YouConverter", "YouConverter\YouConverter.csproj", "{C278F018-7CE1-4035-A44D-52ACE51B45CE}"
EndProject
Global
	GlobalSection(SolutionConfigurationPlatforms) = preSolution
		Debug|Any CPU = Debug|Any CPU
		Release|Any CPU = Release|Any CPU
	EndGlobalSection
	GlobalSection(ProjectConfigurationPlatforms) = postSolution
		{C278F018-7CE1-4035-A44D-52ACE51B45CE}.Debug|Any CPU.ActiveCfg = Debug|Any CPU
		{C278F018-7CE1-4035-A44D-52ACE51B45CE}.Debug|Any CPU.Build.0 = Debug|Any CPU
		{C278F018-7CE1-4035-A44D-52ACE51B45CE}.Release|Any CPU.ActiveCfg = Release|Any CPU
		{C278F018-7CE1-4035-A44D-52ACE51B45CE}.Release|Any CPU.Build.0 = Release|Any CPU
	EndGlobalSection
	GlobalSection(SolutionProperties) = preSolution
		HideSolutionNode = FALSE
	EndGlobalSection
	GlobalSection(ExtensibilityGlobals) = postSolution
		SolutionGuid = {75DDC192-F289-40C8-99FF-11AF313A6425}
	EndGlobalSection
EndGlobal
